
Microsoft Visual Studio Solution File, Format Version 12.00
# Visual Studio 15
VisualStudioVersion = 15.0.28307.705
MinimumVisualStudioVersion = 10.0.40219.1
Project("{FAE04EC0-301F-11D3-BF4B-00C04F79EFBC}") = "ModernStore.Domain", "ModernStore.Domain\ModernStore.Domain.csproj", "{0E5A4195-AFEB-43C0-B1B3-B644C0DF71F3}"
EndProject
Project("{FAE04EC0-301F-11D3-BF4B-00C04F79EFBC}") = "ModernStore.Shared", "ModernStore.Shared\ModernStore.Shared.csproj", "{B2BD427C-1C07-4345-A3C8-FEA2147C60A5}"
EndProject
Project("{FAE04EC0-301F-11D3-BF4B-00C04F79EFBC}") = "ModernStore.Infra", "ModernStore.Infra\ModernStore.Infra.csproj", "{D25B0AEE-895E-48C5-A4ED-887FCBDA368A}"
EndProject
Project("{FAE04EC0-301F-11D3-BF4B-00C04F79EFBC}") = "ModernStore.Api", "ModernStore.Api\ModernStore.Api.csproj", "{9E636EE4-1A73-46B9-B87B-CF4163E1D8C4}"
EndProject
Project("{FAE04EC0-301F-11D3-BF4B-00C04F79EFBC}") = "ModernStore.Tests", "ModernStore.Tests\ModernStore.Tests.csproj", "{0B113E6D-20AF-4F9C-B882-C96D35759DEF}"
EndProject
Global
	GlobalSection(SolutionConfigurationPlatforms) = preSolution
		Debug|Any CPU = Debug|Any CPU
		Release|Any CPU = Release|Any CPU
	EndGlobalSection
	GlobalSection(ProjectConfigurationPlatforms) = postSolution
		{0E5A4195-AFEB-43C0-B1B3-B644C0DF71F3}.Debug|Any CPU.ActiveCfg = Debug|Any CPU
		{0E5A4195-AFEB-43C0-B1B3-B644C0DF71F3}.Debug|Any CPU.Build.0 = Debug|Any CPU
		{0E5A4195-AFEB-43C0-B1B3-B644C0DF71F3}.Release|Any CPU.ActiveCfg = Release|Any CPU
		{0E5A4195-AFEB-43C0-B1B3-B644C0DF71F3}.Release|Any CPU.Build.0 = Release|Any CPU
		{B2BD427C-1C07-4345-A3C8-FEA2147C60A5}.Debug|Any CPU.ActiveCfg = Debug|Any CPU
		{B2BD427C-1C07-4345-A3C8-FEA2147C60A5}.Debug|Any CPU.Build.0 = Debug|Any CPU
		{B2BD427C-1C07-4345-A3C8-FEA2147C60A5}.Release|Any CPU.ActiveCfg = Release|Any CPU
		{B2BD427C-1C07-4345-A3C8-FEA2147C60A5}.Release|Any CPU.Build.0 = Release|Any CPU
		{D25B0AEE-895E-48C5-A4ED-887FCBDA368A}.Debug|Any CPU.ActiveCfg = Debug|Any CPU
		{D25B0AEE-895E-48C5-A4ED-887FCBDA368A}.Debug|Any CPU.Build.0 = Debug|Any CPU
		{D25B0AEE-895E-48C5-A4ED-887FCBDA368A}.Release|Any CPU.ActiveCfg = Release|Any CPU
		{D25B0AEE-895E-48C5-A4ED-887FCBDA368A}.Release|Any CPU.Build.0 = Release|Any CPU
		{9E636EE4-1A73-46B9-B87B-CF4163E1D8C4}.Debug|Any CPU.ActiveCfg = Debug|Any CPU
		{9E636EE4-1A73-46B9-B87B-CF4163E1D8C4}.Debug|Any CPU.Build.0 = Debug|Any CPU
		{9E636EE4-1A73-46B9-B87B-CF4163E1D8C4}.Release|Any CPU.ActiveCfg = Release|Any CPU
		{9E636EE4-1A73-46B9-B87B-CF4163E1D8C4}.Release|Any CPU.Build.0 = Release|Any CPU
		{0B113E6D-20AF-4F9C-B882-C96D35759DEF}.Debug|Any CPU.ActiveCfg = Debug|Any CPU
		{0B113E6D-20AF-4F9C-B882-C96D35759DEF}.Debug|Any CPU.Build.0 = Debug|Any CPU
		{0B113E6D-20AF-4F9C-B882-C96D35759DEF}.Release|Any CPU.ActiveCfg = Release|Any CPU
		{0B113E6D-20AF-4F9C-B882-C96D35759DEF}.Release|Any CPU.Build.0 = Release|Any CPU
	EndGlobalSection
	GlobalSection(SolutionProperties) = preSolution
		HideSolutionNode = FALSE
	EndGlobalSection
	GlobalSection(ExtensibilityGlobals) = postSolution
		SolutionGuid = {B61F3ED3-C7EB-4B5A-9CBE-99DEA276E72D}
	EndGlobalSection
EndGlobal
